// !$*UTF8*$!
{
	archiveVersion = 1;
	classes = {
	};
	objectVersion = 46;
	objects = {

/* Begin PBXBuildFile section */
		45B2E15BDBADB11C583E986D /* Pods_SampleUpload.framework in Frameworks */ = {isa = PBXBuildFile; fileRef = D0E956F0B67589CE1B447AF6 /* Pods_SampleUpload.framework */; };
		979EFF801DAAD43600A8787F /* Assets.xcassets in Resources */ = {isa = PBXBuildFile; fileRef = 979EFF7F1DAAD43600A8787F /* Assets.xcassets */; };
		979EFF871DAAD43600A8787F /* MessagesExtension.appex in Embed App Extensions */ = {isa = PBXBuildFile; fileRef = 979EFF861DAAD43600A8787F /* MessagesExtension.appex */; settings = {ATTRIBUTES = (RemoveHeadersOnCopy, ); }; };
		979EFF8C1DAAD43600A8787F /* Messages.framework in Frameworks */ = {isa = PBXBuildFile; fileRef = 979EFF8B1DAAD43600A8787F /* Messages.framework */; };
		979EFF8F1DAAD43600A8787F /* MessagesViewController.swift in Sources */ = {isa = PBXBuildFile; fileRef = 979EFF8E1DAAD43600A8787F /* MessagesViewController.swift */; };
		979EFF921DAAD43600A8787F /* MainInterface.storyboard in Resources */ = {isa = PBXBuildFile; fileRef = 979EFF901DAAD43600A8787F /* MainInterface.storyboard */; };
		979EFF941DAAD43600A8787F /* Assets.xcassets in Resources */ = {isa = PBXBuildFile; fileRef = 979EFF931DAAD43600A8787F /* Assets.xcassets */; };
		DBEB431D76F531639D04ACE0 /* Pods_MessagesExtension.framework in Frameworks */ = {isa = PBXBuildFile; fileRef = 77CA4FEE32FC00004F32207F /* Pods_MessagesExtension.framework */; };
/* End PBXBuildFile section */

/* Begin PBXContainerItemProxy section */
		979EFF881DAAD43600A8787F /* PBXContainerItemProxy */ = {
			isa = PBXContainerItemProxy;
			containerPortal = 979EFF761DAAD43500A8787F /* Project object */;
			proxyType = 1;
			remoteGlobalIDString = 979EFF851DAAD43600A8787F;
			remoteInfo = MessagesExtension;
		};
/* End PBXContainerItemProxy section */

/* Begin PBXCopyFilesBuildPhase section */
		979EFF9B1DAAD43600A8787F /* Embed App Extensions */ = {
			isa = PBXCopyFilesBuildPhase;
			buildActionMask = 2147483647;
			dstPath = "";
			dstSubfolderSpec = 13;
			files = (
				979EFF871DAAD43600A8787F /* MessagesExtension.appex in Embed App Extensions */,
			);
			name = "Embed App Extensions";
			runOnlyForDeploymentPostprocessing = 0;
		};
/* End PBXCopyFilesBuildPhase section */

/* Begin PBXFileReference section */
		4020D061C00FF02D855BFAA1 /* Pods-MessagesExtension.release.xcconfig */ = {isa = PBXFileReference; includeInIndex = 1; lastKnownFileType = text.xcconfig; name = "Pods-MessagesExtension.release.xcconfig"; path = "Pods/Target Support Files/Pods-MessagesExtension/Pods-MessagesExtension.release.xcconfig"; sourceTree = "<group>"; };
		77CA4FEE32FC00004F32207F /* Pods_MessagesExtension.framework */ = {isa = PBXFileReference; explicitFileType = wrapper.framework; includeInIndex = 0; path = Pods_MessagesExtension.framework; sourceTree = BUILT_PRODUCTS_DIR; };
		979EFF7C1DAAD43600A8787F /* SampleUpload.app */ = {isa = PBXFileReference; explicitFileType = wrapper.application; includeInIndex = 0; path = SampleUpload.app; sourceTree = BUILT_PRODUCTS_DIR; };
		979EFF7F1DAAD43600A8787F /* Assets.xcassets */ = {isa = PBXFileReference; lastKnownFileType = folder.assetcatalog; path = Assets.xcassets; sourceTree = "<group>"; };
		979EFF811DAAD43600A8787F /* Info.plist */ = {isa = PBXFileReference; lastKnownFileType = text.plist.xml; path = Info.plist; sourceTree = "<group>"; };
		979EFF861DAAD43600A8787F /* MessagesExtension.appex */ = {isa = PBXFileReference; explicitFileType = "wrapper.app-extension"; includeInIndex = 0; path = MessagesExtension.appex; sourceTree = BUILT_PRODUCTS_DIR; };
		979EFF8B1DAAD43600A8787F /* Messages.framework */ = {isa = PBXFileReference; lastKnownFileType = wrapper.framework; name = Messages.framework; path = System/Library/Frameworks/Messages.framework; sourceTree = SDKROOT; };
		979EFF8E1DAAD43600A8787F /* MessagesViewController.swift */ = {isa = PBXFileReference; lastKnownFileType = sourcecode.swift; path = MessagesViewController.swift; sourceTree = "<group>"; };
		979EFF911DAAD43600A8787F /* Base */ = {isa = PBXFileReference; lastKnownFileType = file.storyboard; name = Base; path = Base.lproj/MainInterface.storyboard; sourceTree = "<group>"; };
		979EFF931DAAD43600A8787F /* Assets.xcassets */ = {isa = PBXFileReference; lastKnownFileType = folder.assetcatalog; path = Assets.xcassets; sourceTree = "<group>"; };
		979EFF951DAAD43600A8787F /* Info.plist */ = {isa = PBXFileReference; lastKnownFileType = text.plist.xml; path = Info.plist; sourceTree = "<group>"; };
		99521E67E764A08E8D2D2906 /* Pods-SampleUpload.release.xcconfig */ = {isa = PBXFileReference; includeInIndex = 1; lastKnownFileType = text.xcconfig; name = "Pods-SampleUpload.release.xcconfig"; path = "Pods/Target Support Files/Pods-SampleUpload/Pods-SampleUpload.release.xcconfig"; sourceTree = "<group>"; };
		9EF3FA4CC0B0A05EDC187395 /* Pods-SampleUpload.debug.xcconfig */ = {isa = PBXFileReference; includeInIndex = 1; lastKnownFileType = text.xcconfig; name = "Pods-SampleUpload.debug.xcconfig"; path = "Pods/Target Support Files/Pods-SampleUpload/Pods-SampleUpload.debug.xcconfig"; sourceTree = "<group>"; };
		D0E956F0B67589CE1B447AF6 /* Pods_SampleUpload.framework */ = {isa = PBXFileReference; explicitFileType = wrapper.framework; includeInIndex = 0; path = Pods_SampleUpload.framework; sourceTree = BUILT_PRODUCTS_DIR; };
		DD9558970F2FCB398E39F497 /* Pods-MessagesExtension.debug.xcconfig */ = {isa = PBXFileReference; includeInIndex = 1; lastKnownFileType = text.xcconfig; name = "Pods-MessagesExtension.debug.xcconfig"; path = "Pods/Target Support Files/Pods-MessagesExtension/Pods-MessagesExtension.debug.xcconfig"; sourceTree = "<group>"; };
/* End PBXFileReference section */

/* Begin PBXFrameworksBuildPhase section */
		979EFF831DAAD43600A8787F /* Frameworks */ = {
			isa = PBXFrameworksBuildPhase;
			buildActionMask = 2147483647;
			files = (
				979EFF8C1DAAD43600A8787F /* Messages.framework in Frameworks */,
				DBEB431D76F531639D04ACE0 /* Pods_MessagesExtension.framework in Frameworks */,
			);
			runOnlyForDeploymentPostprocessing = 0;
		};
		D0619C66DAA70F0F9C20D578 /* Frameworks */ = {
			isa = PBXFrameworksBuildPhase;
			buildActionMask = 2147483647;
			files = (
				45B2E15BDBADB11C583E986D /* Pods_SampleUpload.framework in Frameworks */,
			);
			runOnlyForDeploymentPostprocessing = 0;
		};
/* End PBXFrameworksBuildPhase section */

/* Begin PBXGroup section */
		979EFF751DAAD43500A8787F = {
			isa = PBXGroup;
			children = (
				979EFF7E1DAAD43600A8787F /* SampleUpload */,
				979EFF8D1DAAD43600A8787F /* MessagesExtension */,
				979EFF8A1DAAD43600A8787F /* Frameworks */,
				979EFF7D1DAAD43600A8787F /* Products */,
				CFF9C5BE4150A722D7012366 /* Pods */,
			);
			sourceTree = "<group>";
		};
		979EFF7D1DAAD43600A8787F /* Products */ = {
			isa = PBXGroup;
			children = (
				979EFF7C1DAAD43600A8787F /* SampleUpload.app */,
				979EFF861DAAD43600A8787F /* MessagesExtension.appex */,
			);
			name = Products;
			sourceTree = "<group>";
		};
		979EFF7E1DAAD43600A8787F /* SampleUpload */ = {
			isa = PBXGroup;
			children = (
				979EFF7F1DAAD43600A8787F /* Assets.xcassets */,
				979EFF811DAAD43600A8787F /* Info.plist */,
			);
			path = SampleUpload;
			sourceTree = "<group>";
		};
		979EFF8A1DAAD43600A8787F /* Frameworks */ = {
			isa = PBXGroup;
			children = (
				979EFF8B1DAAD43600A8787F /* Messages.framework */,
				77CA4FEE32FC00004F32207F /* Pods_MessagesExtension.framework */,
				D0E956F0B67589CE1B447AF6 /* Pods_SampleUpload.framework */,
			);
			name = Frameworks;
			sourceTree = "<group>";
		};
		979EFF8D1DAAD43600A8787F /* MessagesExtension */ = {
			isa = PBXGroup;
			children = (
				979EFF8E1DAAD43600A8787F /* MessagesViewController.swift */,
				979EFF901DAAD43600A8787F /* MainInterface.storyboard */,
				979EFF931DAAD43600A8787F /* Assets.xcassets */,
				979EFF951DAAD43600A8787F /* Info.plist */,
			);
			path = MessagesExtension;
			sourceTree = "<group>";
		};
		CFF9C5BE4150A722D7012366 /* Pods */ = {
			isa = PBXGroup;
			children = (
				DD9558970F2FCB398E39F497 /* Pods-MessagesExtension.debug.xcconfig */,
				4020D061C00FF02D855BFAA1 /* Pods-MessagesExtension.release.xcconfig */,
				9EF3FA4CC0B0A05EDC187395 /* Pods-SampleUpload.debug.xcconfig */,
				99521E67E764A08E8D2D2906 /* Pods-SampleUpload.release.xcconfig */,
			);
			name = Pods;
			sourceTree = "<group>";
		};
/* End PBXGroup section */

/* Begin PBXNativeTarget section */
		979EFF7B1DAAD43600A8787F /* SampleUpload */ = {
			isa = PBXNativeTarget;
			buildConfigurationList = 979EFF9C1DAAD43600A8787F /* Build configuration list for PBXNativeTarget "SampleUpload" */;
			buildPhases = (
				9BE16FFE03C4D2CB74691B31 /* [CP] Check Pods Manifest.lock */,
				979EFF7A1DAAD43600A8787F /* Resources */,
				979EFF9B1DAAD43600A8787F /* Embed App Extensions */,
				D0619C66DAA70F0F9C20D578 /* Frameworks */,
				6A0AF7301CAC41AC76EC2998 /* [CP] Copy Pods Resources */,
			);
			buildRules = (
			);
			dependencies = (
				979EFF891DAAD43600A8787F /* PBXTargetDependency */,
			);
			name = SampleUpload;
			productName = SampleUpload;
			productReference = 979EFF7C1DAAD43600A8787F /* SampleUpload.app */;
			productType = "com.apple.product-type.application.messages";
		};
		979EFF851DAAD43600A8787F /* MessagesExtension */ = {
			isa = PBXNativeTarget;
			buildConfigurationList = 979EFF981DAAD43600A8787F /* Build configuration list for PBXNativeTarget "MessagesExtension" */;
			buildPhases = (
				698B8E94398D719361207796 /* [CP] Check Pods Manifest.lock */,
				979EFF821DAAD43600A8787F /* Sources */,
				979EFF831DAAD43600A8787F /* Frameworks */,
				979EFF841DAAD43600A8787F /* Resources */,
				22D2472D8D03EC13E45CBE8F /* [CP] Embed Pods Frameworks */,
				C9ACB5987CBC641C87223F40 /* [CP] Copy Pods Resources */,
			);
			buildRules = (
			);
			dependencies = (
			);
			name = MessagesExtension;
			productName = MessagesExtension;
			productReference = 979EFF861DAAD43600A8787F /* MessagesExtension.appex */;
			productType = "com.apple.product-type.app-extension.messages";
		};
/* End PBXNativeTarget section */

/* Begin PBXProject section */
		979EFF761DAAD43500A8787F /* Project object */ = {
			isa = PBXProject;
			attributes = {
				LastSwiftUpdateCheck = 0800;
				LastUpgradeCheck = 0800;
				ORGANIZATIONNAME = "Cutesy, Inc.";
				TargetAttributes = {
					979EFF7B1DAAD43600A8787F = {
						CreatedOnToolsVersion = 8.0;
						DevelopmentTeam = DR7HA2PYKU;
						ProvisioningStyle = Automatic;
					};
					979EFF851DAAD43600A8787F = {
						CreatedOnToolsVersion = 8.0;
						DevelopmentTeam = DR7HA2PYKU;
						ProvisioningStyle = Automatic;
					};
				};
			};
			buildConfigurationList = 979EFF791DAAD43500A8787F /* Build configuration list for PBXProject "SampleUpload" */;
			compatibilityVersion = "Xcode 3.2";
			developmentRegion = English;
			hasScannedForEncodings = 0;
			knownRegions = (
				en,
				Base,
			);
			mainGroup = 979EFF751DAAD43500A8787F;
			productRefGroup = 979EFF7D1DAAD43600A8787F /* Products */;
			projectDirPath = "";
			projectRoot = "";
			targets = (
				979EFF7B1DAAD43600A8787F /* SampleUpload */,
				979EFF851DAAD43600A8787F /* MessagesExtension */,
			);
		};
/* End PBXProject section */

/* Begin PBXResourcesBuildPhase section */
		979EFF7A1DAAD43600A8787F /* Resources */ = {
			isa = PBXResourcesBuildPhase;
			buildActionMask = 2147483647;
			files = (
				979EFF801DAAD43600A8787F /* Assets.xcassets in Resources */,
			);
			runOnlyForDeploymentPostprocessing = 0;
		};
		979EFF841DAAD43600A8787F /* Resources */ = {
			isa = PBXResourcesBuildPhase;
			buildActionMask = 2147483647;
			files = (
				979EFF941DAAD43600A8787F /* Assets.xcassets in Resources */,
				979EFF921DAAD43600A8787F /* MainInterface.storyboard in Resources */,
			);
			runOnlyForDeploymentPostprocessing = 0;
		};
/* End PBXResourcesBuildPhase section */

/* Begin PBXShellScriptBuildPhase section */
		22D2472D8D03EC13E45CBE8F /* [CP] Embed Pods Frameworks */ = {
			isa = PBXShellScriptBuildPhase;
			buildActionMask = 2147483647;
			files = (
			);
			inputPaths = (
			);
			name = "[CP] Embed Pods Frameworks";
			outputPaths = (
			);
			runOnlyForDeploymentPostprocessing = 0;
			shellPath = /bin/sh;
			shellScript = "\"${SRCROOT}/Pods/Target Support Files/Pods-MessagesExtension/Pods-MessagesExtension-frameworks.sh\"\n";
			showEnvVarsInLog = 0;
		};
		698B8E94398D719361207796 /* [CP] Check Pods Manifest.lock */ = {
			isa = PBXShellScriptBuildPhase;
			buildActionMask = 2147483647;
			files = (
			);
			inputPaths = (
			);
			name = "[CP] Check Pods Manifest.lock";
			outputPaths = (
			);
			runOnlyForDeploymentPostprocessing = 0;
			shellPath = /bin/sh;
			shellScript = "diff \"${PODS_ROOT}/../Podfile.lock\" \"${PODS_ROOT}/Manifest.lock\" > /dev/null\nif [ $? != 0 ] ; then\n    # print error to STDERR\n    echo \"error: The sandbox is not in sync with the Podfile.lock. Run 'pod install' or update your CocoaPods installation.\" >&2\n    exit 1\nfi\n";
			showEnvVarsInLog = 0;
		};
		6A0AF7301CAC41AC76EC2998 /* [CP] Copy Pods Resources */ = {
			isa = PBXShellScriptBuildPhase;
			buildActionMask = 2147483647;
			files = (
			);
			inputPaths = (
			);
			name = "[CP] Copy Pods Resources";
			outputPaths = (
			);
			runOnlyForDeploymentPostprocessing = 0;
			shellPath = /bin/sh;
			shellScript = "\"${SRCROOT}/Pods/Target Support Files/Pods-SampleUpload/Pods-SampleUpload-resources.sh\"\n";
			showEnvVarsInLog = 0;
		};
		9BE16FFE03C4D2CB74691B31 /* [CP] Check Pods Manifest.lock */ = {
			isa = PBXShellScriptBuildPhase;
			buildActionMask = 2147483647;
			files = (
			);
			inputPaths = (
			);
			name = "[CP] Check Pods Manifest.lock";
			outputPaths = (
			);
			runOnlyForDeploymentPostprocessing = 0;
			shellPath = /bin/sh;
			shellScript = "diff \"${PODS_ROOT}/../Podfile.lock\" \"${PODS_ROOT}/Manifest.lock\" > /dev/null\nif [ $? != 0 ] ; then\n    # print error to STDERR\n    echo \"error: The sandbox is not in sync with the Podfile.lock. Run 'pod install' or update your CocoaPods installation.\" >&2\n    exit 1\nfi\n";
			showEnvVarsInLog = 0;
		};
		C9ACB5987CBC641C87223F40 /* [CP] Copy Pods Resources */ = {
			isa = PBXShellScriptBuildPhase;
			buildActionMask = 2147483647;
			files = (
			);
			inputPaths = (
			);
			name = "[CP] Copy Pods Resources";
			outputPaths = (
			);
			runOnlyForDeploymentPostprocessing = 0;
			shellPath = /bin/sh;
			shellScript = "\"${SRCROOT}/Pods/Target Support Files/Pods-MessagesExtension/Pods-MessagesExtension-resources.sh\"\n";
			showEnvVarsInLog = 0;
		};
/* End PBXShellScriptBuildPhase section */

/* Begin PBXSourcesBuildPhase section */
		979EFF821DAAD43600A8787F /* Sources */ = {
			isa = PBXSourcesBuildPhase;
			buildActionMask = 2147483647;
			files = (
				979EFF8F1DAAD43600A8787F /* MessagesViewController.swift in Sources */,
			);
			runOnlyForDeploymentPostprocessing = 0;
		};
/* End PBXSourcesBuildPhase section */

/* Begin PBXTargetDependency section */
		979EFF891DAAD43600A8787F /* PBXTargetDependency */ = {
			isa = PBXTargetDependency;
			target = 979EFF851DAAD43600A8787F /* MessagesExtension */;
			targetProxy = 979EFF881DAAD43600A8787F /* PBXContainerItemProxy */;
		};
/* End PBXTargetDependency section */

/* Begin PBXVariantGroup section */
		979EFF901DAAD43600A8787F /* MainInterface.storyboard */ = {
			isa = PBXVariantGroup;
			children = (
				979EFF911DAAD43600A8787F /* Base */,
			);
			name = MainInterface.storyboard;
			sourceTree = "<group>";
		};
/* End PBXVariantGroup section */

/* Begin XCBuildConfiguration section */
		979EFF961DAAD43600A8787F /* Debug */ = {
			isa = XCBuildConfiguration;
			buildSettings = {
				ALWAYS_SEARCH_USER_PATHS = NO;
				CLANG_ANALYZER_NONNULL = YES;
				CLANG_CXX_LANGUAGE_STANDARD = "gnu++0x";
				CLANG_CXX_LIBRARY = "libc++";
				CLANG_ENABLE_MODULES = YES;
				CLANG_ENABLE_OBJC_ARC = YES;
				CLANG_WARN_BOOL_CONVERSION = YES;
				CLANG_WARN_CONSTANT_CONVERSION = YES;
				CLANG_WARN_DIRECT_OBJC_ISA_USAGE = YES_ERROR;
				CLANG_WARN_DOCUMENTATION_COMMENTS = YES;
				CLANG_WARN_EMPTY_BODY = YES;
				CLANG_WARN_ENUM_CONVERSION = YES;
				CLANG_WARN_INFINITE_RECURSION = YES;
				CLANG_WARN_INT_CONVERSION = YES;
				CLANG_WARN_OBJC_ROOT_CLASS = YES_ERROR;
				CLANG_WARN_SUSPICIOUS_MOVES = YES;
				CLANG_WARN_UNREACHABLE_CODE = YES;
				CLANG_WARN__DUPLICATE_METHOD_MATCH = YES;
				"CODE_SIGN_IDENTITY[sdk=iphoneos*]" = "iPhone Developer";
				COPY_PHASE_STRIP = NO;
				DEBUG_INFORMATION_FORMAT = dwarf;
				ENABLE_STRICT_OBJC_MSGSEND = YES;
				ENABLE_TESTABILITY = YES;
				GCC_C_LANGUAGE_STANDARD = gnu99;
				GCC_DYNAMIC_NO_PIC = NO;
				GCC_NO_COMMON_BLOCKS = YES;
				GCC_OPTIMIZATION_LEVEL = 0;
				GCC_PREPROCESSOR_DEFINITIONS = (
					"DEBUG=1",
					"$(inherited)",
				);
				GCC_WARN_64_TO_32_BIT_CONVERSION = YES;
				GCC_WARN_ABOUT_RETURN_TYPE = YES_ERROR;
				GCC_WARN_UNDECLARED_SELECTOR = YES;
				GCC_WARN_UNINITIALIZED_AUTOS = YES_AGGRESSIVE;
				GCC_WARN_UNUSED_FUNCTION = YES;
				GCC_WARN_UNUSED_VARIABLE = YES;
				IPHONEOS_DEPLOYMENT_TARGET = 10.0;
				MTL_ENABLE_DEBUG_INFO = YES;
				ONLY_ACTIVE_ARCH = YES;
				SDKROOT = iphoneos;
				SWIFT_ACTIVE_COMPILATION_CONDITIONS = DEBUG;
				SWIFT_OPTIMIZATION_LEVEL = "-Onone";
			};
			name = Debug;
		};
		979EFF971DAAD43600A8787F /* Release */ = {
			isa = XCBuildConfiguration;
			buildSettings = {
				ALWAYS_SEARCH_USER_PATHS = NO;
				CLANG_ANALYZER_NONNULL = YES;
				CLANG_CXX_LANGUAGE_STANDARD = "gnu++0x";
				CLANG_CXX_LIBRARY = "libc++";
				CLANG_ENABLE_MODULES = YES;
				CLANG_ENABLE_OBJC_ARC = YES;
				CLANG_WARN_BOOL_CONVERSION = YES;
				CLANG_WARN_CONSTANT_CONVERSION = YES;
				CLANG_WARN_DIRECT_OBJC_ISA_USAGE = YES_ERROR;
				CLANG_WARN_DOCUMENTATION_COMMENTS = YES;
				CLANG_WARN_EMPTY_BODY = YES;
				CLANG_WARN_ENUM_CONVERSION = YES;
				CLANG_WARN_INFINITE_RECURSION = YES;
				CLANG_WARN_INT_CONVERSION = YES;
				CLANG_WARN_OBJC_ROOT_CLASS = YES_ERROR;
				CLANG_WARN_SUSPICIOUS_MOVES = YES;
				CLANG_WARN_UNREACHABLE_CODE = YES;
				CLANG_WARN__DUPLICATE_METHOD_MATCH = YES;
				"CODE_SIGN_IDENTITY[sdk=iphoneos*]" = "iPhone Developer";
				COPY_PHASE_STRIP = NO;
				DEBUG_INFORMATION_FORMAT = "dwarf-with-dsym";
				ENABLE_NS_ASSERTIONS = NO;
				ENABLE_STRICT_OBJC_MSGSEND = YES;
				GCC_C_LANGUAGE_STANDARD = gnu99;
				GCC_NO_COMMON_BLOCKS = YES;
				GCC_WARN_64_TO_32_BIT_CONVERSION = YES;
				GCC_WARN_ABOUT_RETURN_TYPE = YES_ERROR;
				GCC_WARN_UNDECLARED_SELECTOR = YES;
				GCC_WARN_UNINITIALIZED_AUTOS = YES_AGGRESSIVE;
				GCC_WARN_UNUSED_FUNCTION = YES;
				GCC_WARN_UNUSED_VARIABLE = YES;
				IPHONEOS_DEPLOYMENT_TARGET = 10.0;
				MTL_ENABLE_DEBUG_INFO = NO;
				SDKROOT = iphoneos;
				SWIFT_OPTIMIZATION_LEVEL = "-Owholemodule";
				VALIDATE_PRODUCT = YES;
			};
			name = Release;
		};
		979EFF991DAAD43600A8787F /* Debug */ = {
			isa = XCBuildConfiguration;
			baseConfigurationReference = DD9558970F2FCB398E39F497 /* Pods-MessagesExtension.debug.xcconfig */;
			buildSettings = {
				ALWAYS_EMBED_SWIFT_STANDARD_LIBRARIES = NO;
				ASSETCATALOG_COMPILER_APPICON_NAME = "iMessage App Icon";
				DEVELOPMENT_TEAM = DR7HA2PYKU;
				INFOPLIST_FILE = MessagesExtension/Info.plist;
				LD_RUNPATH_SEARCH_PATHS = "$(inherited) @executable_path/Frameworks @executable_path/../../Frameworks";
				PRODUCT_BUNDLE_IDENTIFIER = com.cutesy.SampleUpload.MessagesExtension;
				PRODUCT_NAME = "$(TARGET_NAME)";
				SKIP_INSTALL = YES;
				SWIFT_VERSION = 3.0;
			};
			name = Debug;
		};
		979EFF9A1DAAD43600A8787F /* Release */ = {
			isa = XCBuildConfiguration;
			baseConfigurationReference = 4020D061C00FF02D855BFAA1 /* Pods-MessagesExtension.release.xcconfig */;
			buildSettings = {
				ALWAYS_EMBED_SWIFT_STANDARD_LIBRARIES = NO;
				ASSETCATALOG_COMPILER_APPICON_NAME = "iMessage App Icon";
				DEVELOPMENT_TEAM = DR7HA2PYKU;
				INFOPLIST_FILE = MessagesExtension/Info.plist;
				LD_RUNPATH_SEARCH_PATHS = "$(inherited) @executable_path/Frameworks @executable_path/../../Frameworks";
				PRODUCT_BUNDLE_IDENTIFIER = com.cutesy.SampleUpload.MessagesExtension;
				PRODUCT_NAME = "$(TARGET_NAME)";
				SKIP_INSTALL = YES;
				SWIFT_VERSION = 3.0;
			};
			name = Release;
		};
		979EFF9D1DAAD43600A8787F /* Debug */ = {
			isa = XCBuildConfiguration;
			baseConfigurationReference = 9EF3FA4CC0B0A05EDC187395 /* Pods-SampleUpload.debug.xcconfig */;
			buildSettings = {
				ALWAYS_EMBED_SWIFT_STANDARD_LIBRARIES = NO;
				ASSETCATALOG_COMPILER_APPICON_NAME = AppIcon;
				DEVELOPMENT_TEAM = DR7HA2PYKU;
				INFOPLIST_FILE = SampleUpload/Info.plist;
				PRODUCT_BUNDLE_IDENTIFIER = com.cutesy.SampleUpload;
				PRODUCT_NAME = "$(TARGET_NAME)";
				SWIFT_VERSION = 3.0;
				TARGETED_DEVICE_FAMILY = "1,2";
			};
			name = Debug;
		};
		979EFF9E1DAAD43600A8787F /* Release */ = {
			isa = XCBuildConfiguration;
			baseConfigurationReference = 99521E67E764A08E8D2D2906 /* Pods-SampleUpload.release.xcconfig */;
			buildSettings = {
				ALWAYS_EMBED_SWIFT_STANDARD_LIBRARIES = NO;
				ASSETCATALOG_COMPILER_APPICON_NAME = AppIcon;
				DEVELOPMENT_TEAM = DR7HA2PYKU;
				INFOPLIST_FILE = SampleUpload/Info.plist;
				PRODUCT_BUNDLE_IDENTIFIER = com.cutesy.SampleUpload;
				PRODUCT_NAME = "$(TARGET_NAME)";
				SWIFT_VERSION = 3.0;
				TARGETED_DEVICE_FAMILY = "1,2";
			};
			name = Release;
		};
/* End XCBuildConfiguration section */

/* Begin XCConfigurationList section */
		979EFF791DAAD43500A8787F /* Build configuration list for PBXProject "SampleUpload" */ = {
			isa = XCConfigurationList;
			buildConfigurations = (
				979EFF961DAAD43600A8787F /* Debug */,
				979EFF971DAAD43600A8787F /* Release */,
			);
			defaultConfigurationIsVisible = 0;
			defaultConfigurationName = Release;
		};
		979EFF981DAAD43600A8787F /* Build configuration list for PBXNativeTarget "MessagesExtension" */ = {
			isa = XCConfigurationList;
			buildConfigurations = (
				979EFF991DAAD43600A8787F /* Debug */,
				979EFF9A1DAAD43600A8787F /* Release */,
			);
			defaultConfigurationIsVisible = 0;
			defaultConfigurationName = Release;
		};
		979EFF9C1DAAD43600A8787F /* Build configuration list for PBXNativeTarget "SampleUpload" */ = {
			isa = XCConfigurationList;
			buildConfigurations = (
				979EFF9D1DAAD43600A8787F /* Debug */,
				979EFF9E1DAAD43600A8787F /* Release */,
			);
			defaultConfigurationIsVisible = 0;
			defaultConfigurationName = Release;
		};
/* End XCConfigurationList section */
	};
	rootObject = 979EFF761DAAD43500A8787F /* Project object */;
}
